
Microsoft Visual Studio Solution File, Format Version 12.00
# Visual Studio Version 17
VisualStudioVersion = 17.2.32602.215
MinimumVisualStudioVersion = 10.0.40219.1
Project("{9A19103F-16F7-4668-BE54-9A1E7A4F7556}") = "BDU_API", "BDU_API.csproj", "{29D6E951-DD32-4753-8F7B-B7A6339118DA}"
EndProject
Project("{9A19103F-16F7-4668-BE54-9A1E7A4F7556}") = "DAL", "..\DAL\DAL.csproj", "{A5E71270-726A-47D4-B5E0-E256701414E0}"
EndProject
Project("{9A19103F-16F7-4668-BE54-9A1E7A4F7556}") = "Entity", "..\Entity\Entity.csproj", "{92EBF116-874E-4DC3-BB9A-A219C86A33F4}"
EndProject
Project("{9A19103F-16F7-4668-BE54-9A1E7A4F7556}") = "Core", "..\Core\Core.csproj", "{D14E7014-F3E1-48A0-A103-A70A98203F72}"
EndProject
Project("{9A19103F-16F7-4668-BE54-9A1E7A4F7556}") = "Exceptions", "..\Exceptions\Exceptions.csproj", "{7CF212B4-85EC-4F37-A91D-EF003F2AF2B8}"
EndProject
Project("{9A19103F-16F7-4668-BE54-9A1E7A4F7556}") = "Business", "..\Business\Business.csproj", "{C2C51ACD-CB60-4089-85DE-B4BF133F38A5}"
EndProject
Global
	GlobalSection(SolutionConfigurationPlatforms) = preSolution
		Debug|Any CPU = Debug|Any CPU
		Release|Any CPU = Release|Any CPU
	EndGlobalSection
	GlobalSection(ProjectConfigurationPlatforms) = postSolution
		{29D6E951-DD32-4753-8F7B-B7A6339118DA}.Debug|Any CPU.ActiveCfg = Debug|Any CPU
		{29D6E951-DD32-4753-8F7B-B7A6339118DA}.Debug|Any CPU.Build.0 = Debug|Any CPU
		{29D6E951-DD32-4753-8F7B-B7A6339118DA}.Release|Any CPU.ActiveCfg = Release|Any CPU
		{29D6E951-DD32-4753-8F7B-B7A6339118DA}.Release|Any CPU.Build.0 = Release|Any CPU
		{A5E71270-726A-47D4-B5E0-E256701414E0}.Debug|Any CPU.ActiveCfg = Debug|Any CPU
		{A5E71270-726A-47D4-B5E0-E256701414E0}.Debug|Any CPU.Build.0 = Debug|Any CPU
		{A5E71270-726A-47D4-B5E0-E256701414E0}.Release|Any CPU.ActiveCfg = Release|Any CPU
		{A5E71270-726A-47D4-B5E0-E256701414E0}.Release|Any CPU.Build.0 = Release|Any CPU
		{92EBF116-874E-4DC3-BB9A-A219C86A33F4}.Debug|Any CPU.ActiveCfg = Debug|Any CPU
		{92EBF116-874E-4DC3-BB9A-A219C86A33F4}.Debug|Any CPU.Build.0 = Debug|Any CPU
		{92EBF116-874E-4DC3-BB9A-A219C86A33F4}.Release|Any CPU.ActiveCfg = Release|Any CPU
		{92EBF116-874E-4DC3-BB9A-A219C86A33F4}.Release|Any CPU.Build.0 = Release|Any CPU
		{D14E7014-F3E1-48A0-A103-A70A98203F72}.Debug|Any CPU.ActiveCfg = Debug|Any CPU
		{D14E7014-F3E1-48A0-A103-A70A98203F72}.Debug|Any CPU.Build.0 = Debug|Any CPU
		{D14E7014-F3E1-48A0-A103-A70A98203F72}.Release|Any CPU.ActiveCfg = Release|Any CPU
		{D14E7014-F3E1-48A0-A103-A70A98203F72}.Release|Any CPU.Build.0 = Release|Any CPU
		{7CF212B4-85EC-4F37-A91D-EF003F2AF2B8}.Debug|Any CPU.ActiveCfg = Debug|Any CPU
		{7CF212B4-85EC-4F37-A91D-EF003F2AF2B8}.Debug|Any CPU.Build.0 = Debug|Any CPU
		{7CF212B4-85EC-4F37-A91D-EF003F2AF2B8}.Release|Any CPU.ActiveCfg = Release|Any CPU
		{7CF212B4-85EC-4F37-A91D-EF003F2AF2B8}.Release|Any CPU.Build.0 = Release|Any CPU
		{C2C51ACD-CB60-4089-85DE-B4BF133F38A5}.Debug|Any CPU.ActiveCfg = Debug|Any CPU
		{C2C51ACD-CB60-4089-85DE-B4BF133F38A5}.Debug|Any CPU.Build.0 = Debug|Any CPU
		{C2C51ACD-CB60-4089-85DE-B4BF133F38A5}.Release|Any CPU.ActiveCfg = Release|Any CPU
		{C2C51ACD-CB60-4089-85DE-B4BF133F38A5}.Release|Any CPU.Build.0 = Release|Any CPU
	EndGlobalSection
	GlobalSection(SolutionProperties) = preSolution
		HideSolutionNode = FALSE
	EndGlobalSection
	GlobalSection(ExtensibilityGlobals) = postSolution
		SolutionGuid = {BA49E51F-E85E-4161-AF55-8E935E56EEC7}
	EndGlobalSection
EndGlobal
